
Microsoft Visual Studio Solution File, Format Version 12.00
# Visual Studio Version 17
VisualStudioVersion = 17.2.32616.157
MinimumVisualStudioVersion = 10.0.40219.1
Project("{FAE04EC0-301F-11D3-BF4B-00C04F79EFBC}") = "SocketTest1", "SocketTest1.csproj", "{954C655D-BEC5-4321-83E4-2271A456C8E4}"
EndProject
Global
	GlobalSection(SolutionConfigurationPlatforms) = preSolution
		Debug|Any CPU = Debug|Any CPU
		Release|Any CPU = Release|Any CPU
	EndGlobalSection
	GlobalSection(ProjectConfigurationPlatforms) = postSolution
		{954C655D-BEC5-4321-83E4-2271A456C8E4}.Debug|Any CPU.ActiveCfg = Debug|Any CPU
		{954C655D-BEC5-4321-83E4-2271A456C8E4}.Debug|Any CPU.Build.0 = Debug|Any CPU
		{954C655D-BEC5-4321-83E4-2271A456C8E4}.Release|Any CPU.ActiveCfg = Release|Any CPU
		{954C655D-BEC5-4321-83E4-2271A456C8E4}.Release|Any CPU.Build.0 = Release|Any CPU
	EndGlobalSection
	GlobalSection(SolutionProperties) = preSolution
		HideSolutionNode = FALSE
	EndGlobalSection
	GlobalSection(ExtensibilityGlobals) = postSolution
		SolutionGuid = {F1EF6004-8478-4A3F-99B3-7D67B8F0A898}
	EndGlobalSection
EndGlobal
